
Microsoft Visual Studio Solution File, Format Version 12.00
Project("{FAE04EC0-301F-11D3-BF4B-00C04F79EFBC}") = "KotnurVersus.Web", "KotnurVersus.Web\KotnurVersus.Web.csproj", "{CDB2802C-4B32-49CF-8176-75A90C87984C}"
EndProject
Project("{2150E333-8FDC-42A3-9474-1A3956D46DE8}") = "Front", "Front", "{E8FDC03E-37F9-4305-BAFA-5B37F0F4AF20}"
EndProject
Project("{2150E333-8FDC-42A3-9474-1A3956D46DE8}") = "Domain", "Domain", "{B06EDF2B-F338-44F6-AA08-3092CF384963}"
EndProject
Project("{2150E333-8FDC-42A3-9474-1A3956D46DE8}") = "Api", "Api", "{CC9E890B-8F8E-4947-97E5-799A19889127}"
EndProject
Project("{FAE04EC0-301F-11D3-BF4B-00C04F79EFBC}") = "Db", "Db\Db.csproj", "{DA84CF2A-8435-4B73-AF06-DE763FDA65C4}"
EndProject
Project("{FAE04EC0-301F-11D3-BF4B-00C04F79EFBC}") = "Domain", "Domain\Domain.csproj", "{87677782-09DD-4475-A27E-3E152B29476E}"
EndProject
Project("{FAE04EC0-301F-11D3-BF4B-00C04F79EFBC}") = "Models", "Models\Models.csproj", "{D225A859-4E24-4EAB-B70C-F92942586ACC}"
EndProject
Project("{2150E333-8FDC-42A3-9474-1A3956D46DE8}") = "Core", "Core", "{CCE3FCAF-AF9F-487C-8B35-236223CBF4A6}"
EndProject
Project("{FAE04EC0-301F-11D3-BF4B-00C04F79EFBC}") = "Core", "Core\Core.csproj", "{9DA9E6DD-2DD4-4AB1-8687-C5D826023C52}"
EndProject
Project("{FAE04EC0-301F-11D3-BF4B-00C04F79EFBC}") = "Client", "Client\Client.csproj", "{25329254-7512-4EAC-BBB2-04A1E1776EFA}"
EndProject
Project("{2150E333-8FDC-42A3-9474-1A3956D46DE8}") = "Tests", "Tests", "{AE9B228A-5CA2-41E8-A85B-35B0657A59FC}"
EndProject
Project("{FAE04EC0-301F-11D3-BF4B-00C04F79EFBC}") = "FunctionalTests", "FunctionalTests\FunctionalTests.csproj", "{619789BE-C856-45D3-98BA-DE50E5688B5F}"
EndProject
Global
	GlobalSection(SolutionConfigurationPlatforms) = preSolution
		Debug|Any CPU = Debug|Any CPU
		Release|Any CPU = Release|Any CPU
	EndGlobalSection
	GlobalSection(ProjectConfigurationPlatforms) = postSolution
		{CDB2802C-4B32-49CF-8176-75A90C87984C}.Debug|Any CPU.ActiveCfg = Debug|Any CPU
		{CDB2802C-4B32-49CF-8176-75A90C87984C}.Debug|Any CPU.Build.0 = Debug|Any CPU
		{CDB2802C-4B32-49CF-8176-75A90C87984C}.Release|Any CPU.ActiveCfg = Release|Any CPU
		{CDB2802C-4B32-49CF-8176-75A90C87984C}.Release|Any CPU.Build.0 = Release|Any CPU
		{DA84CF2A-8435-4B73-AF06-DE763FDA65C4}.Debug|Any CPU.ActiveCfg = Debug|Any CPU
		{DA84CF2A-8435-4B73-AF06-DE763FDA65C4}.Debug|Any CPU.Build.0 = Debug|Any CPU
		{DA84CF2A-8435-4B73-AF06-DE763FDA65C4}.Release|Any CPU.ActiveCfg = Release|Any CPU
		{DA84CF2A-8435-4B73-AF06-DE763FDA65C4}.Release|Any CPU.Build.0 = Release|Any CPU
		{87677782-09DD-4475-A27E-3E152B29476E}.Debug|Any CPU.ActiveCfg = Debug|Any CPU
		{87677782-09DD-4475-A27E-3E152B29476E}.Debug|Any CPU.Build.0 = Debug|Any CPU
		{87677782-09DD-4475-A27E-3E152B29476E}.Release|Any CPU.ActiveCfg = Release|Any CPU
		{87677782-09DD-4475-A27E-3E152B29476E}.Release|Any CPU.Build.0 = Release|Any CPU
		{D225A859-4E24-4EAB-B70C-F92942586ACC}.Debug|Any CPU.ActiveCfg = Debug|Any CPU
		{D225A859-4E24-4EAB-B70C-F92942586ACC}.Debug|Any CPU.Build.0 = Debug|Any CPU
		{D225A859-4E24-4EAB-B70C-F92942586ACC}.Release|Any CPU.ActiveCfg = Release|Any CPU
		{D225A859-4E24-4EAB-B70C-F92942586ACC}.Release|Any CPU.Build.0 = Release|Any CPU
		{9DA9E6DD-2DD4-4AB1-8687-C5D826023C52}.Debug|Any CPU.ActiveCfg = Debug|Any CPU
		{9DA9E6DD-2DD4-4AB1-8687-C5D826023C52}.Debug|Any CPU.Build.0 = Debug|Any CPU
		{9DA9E6DD-2DD4-4AB1-8687-C5D826023C52}.Release|Any CPU.ActiveCfg = Release|Any CPU
		{9DA9E6DD-2DD4-4AB1-8687-C5D826023C52}.Release|Any CPU.Build.0 = Release|Any CPU
		{25329254-7512-4EAC-BBB2-04A1E1776EFA}.Debug|Any CPU.ActiveCfg = Debug|Any CPU
		{25329254-7512-4EAC-BBB2-04A1E1776EFA}.Debug|Any CPU.Build.0 = Debug|Any CPU
		{25329254-7512-4EAC-BBB2-04A1E1776EFA}.Release|Any CPU.ActiveCfg = Release|Any CPU
		{25329254-7512-4EAC-BBB2-04A1E1776EFA}.Release|Any CPU.Build.0 = Release|Any CPU
		{619789BE-C856-45D3-98BA-DE50E5688B5F}.Debug|Any CPU.ActiveCfg = Debug|Any CPU
		{619789BE-C856-45D3-98BA-DE50E5688B5F}.Debug|Any CPU.Build.0 = Debug|Any CPU
		{619789BE-C856-45D3-98BA-DE50E5688B5F}.Release|Any CPU.ActiveCfg = Release|Any CPU
		{619789BE-C856-45D3-98BA-DE50E5688B5F}.Release|Any CPU.Build.0 = Release|Any CPU
	EndGlobalSection
	GlobalSection(NestedProjects) = preSolution
		{CDB2802C-4B32-49CF-8176-75A90C87984C} = {E8FDC03E-37F9-4305-BAFA-5B37F0F4AF20}
		{DA84CF2A-8435-4B73-AF06-DE763FDA65C4} = {B06EDF2B-F338-44F6-AA08-3092CF384963}
		{87677782-09DD-4475-A27E-3E152B29476E} = {B06EDF2B-F338-44F6-AA08-3092CF384963}
		{D225A859-4E24-4EAB-B70C-F92942586ACC} = {CC9E890B-8F8E-4947-97E5-799A19889127}
		{9DA9E6DD-2DD4-4AB1-8687-C5D826023C52} = {CCE3FCAF-AF9F-487C-8B35-236223CBF4A6}
		{25329254-7512-4EAC-BBB2-04A1E1776EFA} = {CC9E890B-8F8E-4947-97E5-799A19889127}
		{619789BE-C856-45D3-98BA-DE50E5688B5F} = {AE9B228A-5CA2-41E8-A85B-35B0657A59FC}
	EndGlobalSection
EndGlobal
